# This file is automatically @generated by Cargo.
# It is not intended for manual editing.
version = 4

[[package]]
name = "mantis"
version = "0.1.0"
dependencies = [
 "rsparse",
]

[[package]]
name = "rsparse"
version = "1.2.1"
source = "registry+https://github.com/rust-lang/crates.io-index"
checksum = "9d65dc8db760bdc8c94f4163c5d09be710f76fc92a4a1f698c441925db83c09e"
